// !$*UTF8*$!
{
	archiveVersion = 1;
	classes = {
	};
	objectVersion = 77;
	objects = {

/* Begin PBXBuildFile section */
		8029528F2E067DDB00939F8D /* MediaRemoteAdapter in Embed Frameworks */ = {isa = PBXBuildFile; productRef = 80D1A0742E032B0B002C4FF6 /* MediaRemoteAdapter */; settings = {ATTRIBUTES = (CodeSignOnCopy, ); }; };
		802952C52E07F8B800939F8D /* Rich-media-presence-Info 2.plist in Resources */ = {isa = PBXBuildFile; fileRef = 802952C42E07F8B800939F8D /* Rich-media-presence-Info 2.plist */; };
		80D1A0752E032B0B002C4FF6 /* MediaRemoteAdapter in Frameworks */ = {isa = PBXBuildFile; productRef = 80D1A0742E032B0B002C4FF6 /* MediaRemoteAdapter */; };
/* End PBXBuildFile section */

/* Begin PBXContainerItemProxy section */
		803A8D3B2DFC8DBF0018C467 /* PBXContainerItemProxy */ = {
			isa = PBXContainerItemProxy;
			containerPortal = 803A8D242DFC8DBE0018C467 /* Project object */;
			proxyType = 1;
			remoteGlobalIDString = 803A8D2B2DFC8DBE0018C467;
			remoteInfo = "Rich media presence";
		};
		803A8D452DFC8DBF0018C467 /* PBXContainerItemProxy */ = {
			isa = PBXContainerItemProxy;
			containerPortal = 803A8D242DFC8DBE0018C467 /* Project object */;
			proxyType = 1;
			remoteGlobalIDString = 803A8D2B2DFC8DBE0018C467;
			remoteInfo = "Rich media presence";
		};
/* End PBXContainerItemProxy section */

/* Begin PBXCopyFilesBuildPhase section */
		80D1A0722E032098002C4FF6 /* Embed Frameworks */ = {
			isa = PBXCopyFilesBuildPhase;
			buildActionMask = 2147483647;
			dstPath = "";
			dstSubfolderSpec = 10;
			files = (
				8029528F2E067DDB00939F8D /* MediaRemoteAdapter in Embed Frameworks */,
			);
			name = "Embed Frameworks";
			runOnlyForDeploymentPostprocessing = 0;
		};
/* End PBXCopyFilesBuildPhase section */

/* Begin PBXFileReference section */
		802952C42E07F8B800939F8D /* Rich-media-presence-Info 2.plist */ = {isa = PBXFileReference; lastKnownFileType = text.plist.xml; path = "Rich-media-presence-Info 2.plist"; sourceTree = "<group>"; };
		803A8D2C2DFC8DBE0018C467 /* Rich media presence.app */ = {isa = PBXFileReference; explicitFileType = wrapper.application; includeInIndex = 0; path = "Rich media presence.app"; sourceTree = BUILT_PRODUCTS_DIR; };
		803A8D3A2DFC8DBF0018C467 /* Rich media presenceTests.xctest */ = {isa = PBXFileReference; explicitFileType = wrapper.cfbundle; includeInIndex = 0; path = "Rich media presenceTests.xctest"; sourceTree = BUILT_PRODUCTS_DIR; };
		803A8D442DFC8DBF0018C467 /* Rich media presenceUITests.xctest */ = {isa = PBXFileReference; explicitFileType = wrapper.cfbundle; includeInIndex = 0; path = "Rich media presenceUITests.xctest"; sourceTree = BUILT_PRODUCTS_DIR; };
/* End PBXFileReference section */

/* Begin PBXFileSystemSynchronizedGroupBuildPhaseMembershipExceptionSet section */
		941F20E92E1E61420025576F /* Exceptions for "Rich media presence" folder in "Embed Frameworks" phase from "Rich media presence" target */ = {
			isa = PBXFileSystemSynchronizedGroupBuildPhaseMembershipExceptionSet;
			attributesByRelativePath = {
				lib/libdiscord_partner_sdk.dylib = (CodeSignOnCopy, );
			};
			buildPhase = 80D1A0722E032098002C4FF6 /* Embed Frameworks */;
			membershipExceptions = (
				lib/libdiscord_partner_sdk.dylib,
			);
		};
/* End PBXFileSystemSynchronizedGroupBuildPhaseMembershipExceptionSet section */

/* Begin PBXFileSystemSynchronizedRootGroup section */
		803A8D2E2DFC8DBE0018C467 /* Rich media presence */ = {
			isa = PBXFileSystemSynchronizedRootGroup;
			exceptions = (
				941F20E92E1E61420025576F /* Exceptions for "Rich media presence" folder in "Embed Frameworks" phase from "Rich media presence" target */,
			);
			path = "Rich media presence";
			sourceTree = "<group>";
		};
		803A8D3D2DFC8DBF0018C467 /* Rich media presenceTests */ = {
			isa = PBXFileSystemSynchronizedRootGroup;
			path = "Rich media presenceTests";
			sourceTree = "<group>";
		};
		803A8D472DFC8DBF0018C467 /* Rich media presenceUITests */ = {
			isa = PBXFileSystemSynchronizedRootGroup;
			path = "Rich media presenceUITests";
			sourceTree = "<group>";
		};
/* End PBXFileSystemSynchronizedRootGroup section */

/* Begin PBXFrameworksBuildPhase section */
		803A8D292DFC8DBE0018C467 /* Frameworks */ = {
			isa = PBXFrameworksBuildPhase;
			buildActionMask = 2147483647;
			files = (
				80D1A0752E032B0B002C4FF6 /* MediaRemoteAdapter in Frameworks */,
			);
			runOnlyForDeploymentPostprocessing = 0;
		};
		803A8D372DFC8DBF0018C467 /* Frameworks */ = {
			isa = PBXFrameworksBuildPhase;
			buildActionMask = 2147483647;
			files = (
			);
			runOnlyForDeploymentPostprocessing = 0;
		};
		803A8D412DFC8DBF0018C467 /* Frameworks */ = {
			isa = PBXFrameworksBuildPhase;
			buildActionMask = 2147483647;
			files = (
			);
			runOnlyForDeploymentPostprocessing = 0;
		};
/* End PBXFrameworksBuildPhase section */

/* Begin PBXGroup section */
		803A8D232DFC8DBE0018C467 = {
			isa = PBXGroup;
			children = (
				802952C42E07F8B800939F8D /* Rich-media-presence-Info 2.plist */,
				803A8D2E2DFC8DBE0018C467 /* Rich media presence */,
				803A8D3D2DFC8DBF0018C467 /* Rich media presenceTests */,
				803A8D472DFC8DBF0018C467 /* Rich media presenceUITests */,
				803CCD532E05DBED00AA8C14 /* Frameworks */,
				803A8D2D2DFC8DBE0018C467 /* Products */,
			);
			sourceTree = "<group>";
		};
		803A8D2D2DFC8DBE0018C467 /* Products */ = {
			isa = PBXGroup;
			children = (
				803A8D2C2DFC8DBE0018C467 /* Rich media presence.app */,
				803A8D3A2DFC8DBF0018C467 /* Rich media presenceTests.xctest */,
				803A8D442DFC8DBF0018C467 /* Rich media presenceUITests.xctest */,
			);
			name = Products;
			sourceTree = "<group>";
		};
		803CCD532E05DBED00AA8C14 /* Frameworks */ = {
			isa = PBXGroup;
			children = (
			);
			name = Frameworks;
			sourceTree = "<group>";
		};
/* End PBXGroup section */

/* Begin PBXNativeTarget section */
		803A8D2B2DFC8DBE0018C467 /* Rich media presence */ = {
			isa = PBXNativeTarget;
			buildConfigurationList = 803A8D4E2DFC8DBF0018C467 /* Build configuration list for PBXNativeTarget "Rich media presence" */;
			buildPhases = (
				803A8D282DFC8DBE0018C467 /* Sources */,
				803A8D292DFC8DBE0018C467 /* Frameworks */,
				803A8D2A2DFC8DBE0018C467 /* Resources */,
				80D1A0722E032098002C4FF6 /* Embed Frameworks */,
			);
			buildRules = (
			);
			dependencies = (
			);
			fileSystemSynchronizedGroups = (
				803A8D2E2DFC8DBE0018C467 /* Rich media presence */,
			);
			name = "Rich media presence";
			packageProductDependencies = (
				80D1A0742E032B0B002C4FF6 /* MediaRemoteAdapter */,
			);
			productName = "Rich media presence";
			productReference = 803A8D2C2DFC8DBE0018C467 /* Rich media presence.app */;
			productType = "com.apple.product-type.application";
		};
		803A8D392DFC8DBF0018C467 /* Rich media presenceTests */ = {
			isa = PBXNativeTarget;
			buildConfigurationList = 803A8D512DFC8DBF0018C467 /* Build configuration list for PBXNativeTarget "Rich media presenceTests" */;
			buildPhases = (
				803A8D362DFC8DBF0018C467 /* Sources */,
				803A8D372DFC8DBF0018C467 /* Frameworks */,
				803A8D382DFC8DBF0018C467 /* Resources */,
			);
			buildRules = (
			);
			dependencies = (
				803A8D3C2DFC8DBF0018C467 /* PBXTargetDependency */,
			);
			fileSystemSynchronizedGroups = (
				803A8D3D2DFC8DBF0018C467 /* Rich media presenceTests */,
			);
			name = "Rich media presenceTests";
			packageProductDependencies = (
			);
			productName = "Rich media presenceTests";
			productReference = 803A8D3A2DFC8DBF0018C467 /* Rich media presenceTests.xctest */;
			productType = "com.apple.product-type.bundle.unit-test";
		};
		803A8D432DFC8DBF0018C467 /* Rich media presenceUITests */ = {
			isa = PBXNativeTarget;
			buildConfigurationList = 803A8D542DFC8DBF0018C467 /* Build configuration list for PBXNativeTarget "Rich media presenceUITests" */;
			buildPhases = (
				803A8D402DFC8DBF0018C467 /* Sources */,
				803A8D412DFC8DBF0018C467 /* Frameworks */,
				803A8D422DFC8DBF0018C467 /* Resources */,
			);
			buildRules = (
			);
			dependencies = (
				803A8D462DFC8DBF0018C467 /* PBXTargetDependency */,
			);
			fileSystemSynchronizedGroups = (
				803A8D472DFC8DBF0018C467 /* Rich media presenceUITests */,
			);
			name = "Rich media presenceUITests";
			packageProductDependencies = (
			);
			productName = "Rich media presenceUITests";
			productReference = 803A8D442DFC8DBF0018C467 /* Rich media presenceUITests.xctest */;
			productType = "com.apple.product-type.bundle.ui-testing";
		};
/* End PBXNativeTarget section */

/* Begin PBXProject section */
		803A8D242DFC8DBE0018C467 /* Project object */ = {
			isa = PBXProject;
			attributes = {
				BuildIndependentTargetsInParallel = NO;
				LastSwiftUpdateCheck = 1640;
				LastUpgradeCheck = 1640;
				TargetAttributes = {
					803A8D2B2DFC8DBE0018C467 = {
						CreatedOnToolsVersion = 16.4;
						LastSwiftMigration = 1640;
					};
					803A8D392DFC8DBF0018C467 = {
						CreatedOnToolsVersion = 16.4;
						TestTargetID = 803A8D2B2DFC8DBE0018C467;
					};
					803A8D432DFC8DBF0018C467 = {
						CreatedOnToolsVersion = 16.4;
						TestTargetID = 803A8D2B2DFC8DBE0018C467;
					};
				};
			};
			buildConfigurationList = 803A8D272DFC8DBE0018C467 /* Build configuration list for PBXProject "Rich media presence" */;
			developmentRegion = en;
			hasScannedForEncodings = 0;
			knownRegions = (
				en,
				Base,
			);
			mainGroup = 803A8D232DFC8DBE0018C467;
			minimizedProjectReferenceProxies = 1;
			packageReferences = (
				80D1A0732E032B0B002C4FF6 /* XCRemoteSwiftPackageReference "mediaremote-adapter" */,
			);
			preferredProjectObjectVersion = 77;
			productRefGroup = 803A8D2D2DFC8DBE0018C467 /* Products */;
			projectDirPath = "";
			projectRoot = "";
			targets = (
				803A8D2B2DFC8DBE0018C467 /* Rich media presence */,
				803A8D392DFC8DBF0018C467 /* Rich media presenceTests */,
				803A8D432DFC8DBF0018C467 /* Rich media presenceUITests */,
			);
		};
/* End PBXProject section */

/* Begin PBXResourcesBuildPhase section */
		803A8D2A2DFC8DBE0018C467 /* Resources */ = {
			isa = PBXResourcesBuildPhase;
			buildActionMask = 2147483647;
			files = (
				802952C52E07F8B800939F8D /* Rich-media-presence-Info 2.plist in Resources */,
			);
			runOnlyForDeploymentPostprocessing = 0;
		};
		803A8D382DFC8DBF0018C467 /* Resources */ = {
			isa = PBXResourcesBuildPhase;
			buildActionMask = 2147483647;
			files = (
			);
			runOnlyForDeploymentPostprocessing = 0;
		};
		803A8D422DFC8DBF0018C467 /* Resources */ = {
			isa = PBXResourcesBuildPhase;
			buildActionMask = 2147483647;
			files = (
			);
			runOnlyForDeploymentPostprocessing = 0;
		};
/* End PBXResourcesBuildPhase section */

/* Begin PBXSourcesBuildPhase section */
		803A8D282DFC8DBE0018C467 /* Sources */ = {
			isa = PBXSourcesBuildPhase;
			buildActionMask = 2147483647;
			files = (
			);
			runOnlyForDeploymentPostprocessing = 0;
		};
		803A8D362DFC8DBF0018C467 /* Sources */ = {
			isa = PBXSourcesBuildPhase;
			buildActionMask = 2147483647;
			files = (
			);
			runOnlyForDeploymentPostprocessing = 0;
		};
		803A8D402DFC8DBF0018C467 /* Sources */ = {
			isa = PBXSourcesBuildPhase;
			buildActionMask = 2147483647;
			files = (
			);
			runOnlyForDeploymentPostprocessing = 0;
		};
/* End PBXSourcesBuildPhase section */

/* Begin PBXTargetDependency section */
		803A8D3C2DFC8DBF0018C467 /* PBXTargetDependency */ = {
			isa = PBXTargetDependency;
			target = 803A8D2B2DFC8DBE0018C467 /* Rich media presence */;
			targetProxy = 803A8D3B2DFC8DBF0018C467 /* PBXContainerItemProxy */;
		};
		803A8D462DFC8DBF0018C467 /* PBXTargetDependency */ = {
			isa = PBXTargetDependency;
			target = 803A8D2B2DFC8DBE0018C467 /* Rich media presence */;
			targetProxy = 803A8D452DFC8DBF0018C467 /* PBXContainerItemProxy */;
		};
/* End PBXTargetDependency section */

/* Begin XCBuildConfiguration section */
		803A8D4C2DFC8DBF0018C467 /* Debug */ = {
			isa = XCBuildConfiguration;
			buildSettings = {
				ALWAYS_SEARCH_USER_PATHS = NO;
				ASSETCATALOG_COMPILER_GENERATE_SWIFT_ASSET_SYMBOL_EXTENSIONS = YES;
				CLANG_ANALYZER_NONNULL = YES;
				CLANG_ANALYZER_NUMBER_OBJECT_CONVERSION = YES_AGGRESSIVE;
				CLANG_CXX_LANGUAGE_STANDARD = "gnu++20";
				CLANG_ENABLE_MODULES = YES;
				CLANG_ENABLE_OBJC_ARC = YES;
				CLANG_ENABLE_OBJC_WEAK = YES;
				CLANG_WARN_BLOCK_CAPTURE_AUTORELEASING = YES;
				CLANG_WARN_BOOL_CONVERSION = YES;
				CLANG_WARN_COMMA = YES;
				CLANG_WARN_CONSTANT_CONVERSION = YES;
				CLANG_WARN_DEPRECATED_OBJC_IMPLEMENTATIONS = YES;
				CLANG_WARN_DIRECT_OBJC_ISA_USAGE = YES_ERROR;
				CLANG_WARN_DOCUMENTATION_COMMENTS = YES;
				CLANG_WARN_EMPTY_BODY = YES;
				CLANG_WARN_ENUM_CONVERSION = YES;
				CLANG_WARN_INFINITE_RECURSION = YES;
				CLANG_WARN_INT_CONVERSION = YES;
				CLANG_WARN_NON_LITERAL_NULL_CONVERSION = YES;
				CLANG_WARN_OBJC_IMPLICIT_RETAIN_SELF = YES;
				CLANG_WARN_OBJC_LITERAL_CONVERSION = YES;
				CLANG_WARN_OBJC_ROOT_CLASS = YES_ERROR;
				CLANG_WARN_QUOTED_INCLUDE_IN_FRAMEWORK_HEADER = YES;
				CLANG_WARN_RANGE_LOOP_ANALYSIS = YES;
				CLANG_WARN_STRICT_PROTOTYPES = YES;
				CLANG_WARN_SUSPICIOUS_MOVE = YES;
				CLANG_WARN_UNGUARDED_AVAILABILITY = YES_AGGRESSIVE;
				CLANG_WARN_UNREACHABLE_CODE = YES;
				CLANG_WARN__DUPLICATE_METHOD_MATCH = YES;
				COPY_PHASE_STRIP = NO;
				DEBUG_INFORMATION_FORMAT = dwarf;
				DEFINES_MODULE = NO;
				ENABLE_APP_SANDBOX = NO;
				ENABLE_HARDENED_RUNTIME = YES;
				ENABLE_STRICT_OBJC_MSGSEND = YES;
				ENABLE_TESTABILITY = YES;
				ENABLE_USER_SCRIPT_SANDBOXING = NO;
				FUSE_BUILD_SCRIPT_PHASES = YES;
				GCC_C_LANGUAGE_STANDARD = gnu17;
				GCC_DYNAMIC_NO_PIC = NO;
				GCC_NO_COMMON_BLOCKS = YES;
				GCC_OPTIMIZATION_LEVEL = 0;
				GCC_PREPROCESSOR_DEFINITIONS = (
					"DEBUG=1",
					"$(inherited)",
				);
				GCC_WARN_64_TO_32_BIT_CONVERSION = YES;
				GCC_WARN_ABOUT_RETURN_TYPE = YES_ERROR;
				GCC_WARN_UNDECLARED_SELECTOR = YES;
				GCC_WARN_UNINITIALIZED_AUTOS = YES_AGGRESSIVE;
				GCC_WARN_UNUSED_FUNCTION = YES;
				GCC_WARN_UNUSED_VARIABLE = YES;
				INCLUDED_EXPLICIT_TARGET_DEPENDENCIES = "";
				LD_RUNPATH_SEARCH_PATHS = "";
				LOCALIZATION_PREFERS_STRING_CATALOGS = YES;
				MACOSX_DEPLOYMENT_TARGET = 13.5;
				MERGED_BINARY_TYPE = none;
				MTL_ENABLE_DEBUG_INFO = INCLUDE_SOURCE;
				MTL_FAST_MATH = YES;
				ONLY_ACTIVE_ARCH = YES;
				OTHER_LDFLAGS = "-v";
				SDKROOT = macosx;
				SWIFT_ACTIVE_COMPILATION_CONDITIONS = "DEBUG $(inherited)";
				SWIFT_OPTIMIZATION_LEVEL = "-Onone";
			};
			name = Debug;
		};
		803A8D4D2DFC8DBF0018C467 /* Release */ = {
			isa = XCBuildConfiguration;
			buildSettings = {
				ALWAYS_SEARCH_USER_PATHS = NO;
				ASSETCATALOG_COMPILER_GENERATE_SWIFT_ASSET_SYMBOL_EXTENSIONS = YES;
				CLANG_ANALYZER_NONNULL = YES;
				CLANG_ANALYZER_NUMBER_OBJECT_CONVERSION = YES_AGGRESSIVE;
				CLANG_CXX_LANGUAGE_STANDARD = "gnu++20";
				CLANG_ENABLE_MODULES = YES;
				CLANG_ENABLE_OBJC_ARC = YES;
				CLANG_ENABLE_OBJC_WEAK = YES;
				CLANG_WARN_BLOCK_CAPTURE_AUTORELEASING = YES;
				CLANG_WARN_BOOL_CONVERSION = YES;
				CLANG_WARN_COMMA = YES;
				CLANG_WARN_CONSTANT_CONVERSION = YES;
				CLANG_WARN_DEPRECATED_OBJC_IMPLEMENTATIONS = YES;
				CLANG_WARN_DIRECT_OBJC_ISA_USAGE = YES_ERROR;
				CLANG_WARN_DOCUMENTATION_COMMENTS = YES;
				CLANG_WARN_EMPTY_BODY = YES;
				CLANG_WARN_ENUM_CONVERSION = YES;
				CLANG_WARN_INFINITE_RECURSION = YES;
				CLANG_WARN_INT_CONVERSION = YES;
				CLANG_WARN_NON_LITERAL_NULL_CONVERSION = YES;
				CLANG_WARN_OBJC_IMPLICIT_RETAIN_SELF = YES;
				CLANG_WARN_OBJC_LITERAL_CONVERSION = YES;
				CLANG_WARN_OBJC_ROOT_CLASS = YES_ERROR;
				CLANG_WARN_QUOTED_INCLUDE_IN_FRAMEWORK_HEADER = YES;
				CLANG_WARN_RANGE_LOOP_ANALYSIS = YES;
				CLANG_WARN_STRICT_PROTOTYPES = YES;
				CLANG_WARN_SUSPICIOUS_MOVE = YES;
				CLANG_WARN_UNGUARDED_AVAILABILITY = YES_AGGRESSIVE;
				CLANG_WARN_UNREACHABLE_CODE = YES;
				CLANG_WARN__DUPLICATE_METHOD_MATCH = YES;
				COPY_PHASE_STRIP = NO;
				DEBUG_INFORMATION_FORMAT = "dwarf-with-dsym";
				DEFINES_MODULE = NO;
				ENABLE_APP_SANDBOX = NO;
				ENABLE_HARDENED_RUNTIME = YES;
				ENABLE_NS_ASSERTIONS = NO;
				ENABLE_STRICT_OBJC_MSGSEND = YES;
				ENABLE_USER_SCRIPT_SANDBOXING = NO;
				FUSE_BUILD_SCRIPT_PHASES = YES;
				GCC_C_LANGUAGE_STANDARD = gnu17;
				GCC_NO_COMMON_BLOCKS = YES;
				GCC_WARN_64_TO_32_BIT_CONVERSION = YES;
				GCC_WARN_ABOUT_RETURN_TYPE = YES_ERROR;
				GCC_WARN_UNDECLARED_SELECTOR = YES;
				GCC_WARN_UNINITIALIZED_AUTOS = YES_AGGRESSIVE;
				GCC_WARN_UNUSED_FUNCTION = YES;
				GCC_WARN_UNUSED_VARIABLE = YES;
				INCLUDED_EXPLICIT_TARGET_DEPENDENCIES = "";
				LD_RUNPATH_SEARCH_PATHS = "";
				LOCALIZATION_PREFERS_STRING_CATALOGS = YES;
				MACOSX_DEPLOYMENT_TARGET = 13.5;
				MERGED_BINARY_TYPE = none;
				MTL_ENABLE_DEBUG_INFO = NO;
				MTL_FAST_MATH = YES;
				OTHER_LDFLAGS = "-v";
				SDKROOT = macosx;
				SWIFT_COMPILATION_MODE = wholemodule;
			};
			name = Release;
		};
		803A8D4F2DFC8DBF0018C467 /* Debug */ = {
			isa = XCBuildConfiguration;
			buildSettings = {
				ASSETCATALOG_COMPILER_APPICON_NAME = AppIcon;
				ASSETCATALOG_COMPILER_GLOBAL_ACCENT_COLOR_NAME = AccentColor;
				CLANG_ENABLE_MODULES = YES;
				CODE_SIGN_ENTITLEMENTS = "Rich media presence/Rich_media_presence.entitlements";
				CODE_SIGN_STYLE = Automatic;
				COMBINE_HIDPI_IMAGES = YES;
				CURRENT_PROJECT_VERSION = 1;
				ENABLE_PREVIEWS = YES;
				FRAMEWORK_SEARCH_PATHS = (
					"$(inherited)",
					"$(PROJECT_DIR)",
				);
				GENERATE_INFOPLIST_FILE = YES;
				INFOPLIST_FILE = "Rich-media-presence-Info.plist";
				INFOPLIST_KEY_LSUIElement = YES;
				INFOPLIST_KEY_NSHumanReadableCopyright = "";
				LD_RUNPATH_SEARCH_PATHS = (
					"$(inherited)",
					"@executable_path/../Frameworks",
				);
				LIBRARY_SEARCH_PATHS = (
					"$(inherited)",
					"$(PROJECT_DIR)/Rich\\ media\\ presence/lib",
					"$(PROJECT_DIR)/Rich\\ media\\ presence/lib",
					"$(PROJECT_DIR)/Rich\\ media\\ presence/lib",
					"$(PROJECT_DIR)/Rich\\ media\\ presence/lib",
					"$(PROJECT_DIR)/Rich\\ media\\ presence/lib",
					"$(PROJECT_DIR)/Rich\\ media\\ presence/lib",
					"$(PROJECT_DIR)/Rich\\ media\\ presence/lib",
					"$(PROJECT_DIR)/Rich\\ media\\ presence/lib",
					"$(PROJECT_DIR)/Rich\\ media\\ presence/DiscordPresence/discord-files",
					"$(PROJECT_DIR)/Rich\\ media\\ presence/lib",
					"$(PROJECT_DIR)/Rich\\ media\\ presence/lib",
					"$(PROJECT_DIR)/Rich\\ media\\ presence/DiscordPresence/discord-files",
					"$(PROJECT_DIR)/Rich\\ media\\ presence/lib",
					"$(PROJECT_DIR)/Rich\\ media\\ presence/DiscordPresence/discord-files",
					"$(PROJECT_DIR)/Rich\\ media\\ presence/lib",
					"$(PROJECT_DIR)/Rich\\ media\\ presence/DiscordPresence/discord-files",
					"$(PROJECT_DIR)/Rich\\ media\\ presence/DiscordPresence/discord-files",
					"$(PROJECT_DIR)/Rich\\ media\\ presence/DiscordPresence/discord-files",
					"$(PROJECT_DIR)/Rich\\ media\\ presence/lib",
					"$(PROJECT_DIR)/Rich\\ media\\ presence/lib",
					"$(PROJECT_DIR)/Rich\\ media\\ presence/DiscordPresence/discord-files",
					"$(PROJECT_DIR)/Rich\\ media\\ presence/DiscordPresence/discord-files",
					"$(PROJECT_DIR)/Rich\\ media\\ presence/lib",
					"$(PROJECT_DIR)/Rich\\ media\\ presence/lib",
					"$(PROJECT_DIR)/Rich\\ media\\ presence/lib",
					"$(PROJECT_DIR)/Rich\\ media\\ presence/lib",
					"$(PROJECT_DIR)/Rich\\ media\\ presence/DiscordPresence/discord-files",
					"$(PROJECT_DIR)/Rich\\ media\\ presence/lib",
					"$(PROJECT_DIR)/Rich\\ media\\ presence/DiscordPresence/discord-files",
					"$(PROJECT_DIR)/Rich\\ media\\ presence/lib",
					"$(PROJECT_DIR)/Rich\\ media\\ presence/lib",
					"$(PROJECT_DIR)/Rich\\ media\\ presence/DiscordPresence/discord-files",
				);
				MACOSX_DEPLOYMENT_TARGET = 13.5;
				MARKETING_VERSION = 1.0;
				PRODUCT_BUNDLE_IDENTIFIER = "AzimovParviz.Rich-media-presence";
				PRODUCT_NAME = "$(TARGET_NAME)";
				REGISTER_APP_GROUPS = YES;
				SWIFT_EMIT_LOC_STRINGS = YES;
				SWIFT_OBJC_BRIDGING_HEADER = "Rich media presence/DiscordPresence/Rich media presence-Bridging-Header.h";
				SWIFT_OPTIMIZATION_LEVEL = "-Onone";
				SWIFT_VERSION = 5.0;
			};
			name = Debug;
		};
		803A8D502DFC8DBF0018C467 /* Release */ = {
			isa = XCBuildConfiguration;
			buildSettings = {
				ASSETCATALOG_COMPILER_APPICON_NAME = AppIcon;
				ASSETCATALOG_COMPILER_GLOBAL_ACCENT_COLOR_NAME = AccentColor;
				CLANG_ENABLE_MODULES = YES;
				CODE_SIGN_ENTITLEMENTS = "Rich media presence/Rich_media_presence.entitlements";
				CODE_SIGN_STYLE = Automatic;
				COMBINE_HIDPI_IMAGES = YES;
				CURRENT_PROJECT_VERSION = 1;
				DEVELOPMENT_TEAM = 253C9WQZDN;
				ENABLE_PREVIEWS = YES;
				FRAMEWORK_SEARCH_PATHS = (
					"$(inherited)",
					"$(PROJECT_DIR)",
				);
				GENERATE_INFOPLIST_FILE = YES;
				INFOPLIST_FILE = "Rich-media-presence-Info.plist";
				INFOPLIST_KEY_LSUIElement = YES;
				INFOPLIST_KEY_NSHumanReadableCopyright = "";
				LD_RUNPATH_SEARCH_PATHS = (
					"$(inherited)",
					"@executable_path/../Frameworks",
				);
				LIBRARY_SEARCH_PATHS = (
					"$(inherited)",
					"$(PROJECT_DIR)/Rich\\ media\\ presence/lib",
					"$(PROJECT_DIR)/Rich\\ media\\ presence/lib",
					"$(PROJECT_DIR)/Rich\\ media\\ presence/lib",
					"$(PROJECT_DIR)/Rich\\ media\\ presence/lib",
					"$(PROJECT_DIR)/Rich\\ media\\ presence/lib",
					"$(PROJECT_DIR)/Rich\\ media\\ presence/lib",
					"$(PROJECT_DIR)/Rich\\ media\\ presence/lib",
					"$(PROJECT_DIR)/Rich\\ media\\ presence/lib",
					"$(PROJECT_DIR)/Rich\\ media\\ presence/DiscordPresence/discord-files",
					"$(PROJECT_DIR)/Rich\\ media\\ presence/lib",
					"$(PROJECT_DIR)/Rich\\ media\\ presence/lib",
					"$(PROJECT_DIR)/Rich\\ media\\ presence/DiscordPresence/discord-files",
					"$(PROJECT_DIR)/Rich\\ media\\ presence/lib",
					"$(PROJECT_DIR)/Rich\\ media\\ presence/DiscordPresence/discord-files",
					"$(PROJECT_DIR)/Rich\\ media\\ presence/lib",
					"$(PROJECT_DIR)/Rich\\ media\\ presence/DiscordPresence/discord-files",
					"$(PROJECT_DIR)/Rich\\ media\\ presence/DiscordPresence/discord-files",
					"$(PROJECT_DIR)/Rich\\ media\\ presence/DiscordPresence/discord-files",
					"$(PROJECT_DIR)/Rich\\ media\\ presence/lib",
					"$(PROJECT_DIR)/Rich\\ media\\ presence/lib",
					"$(PROJECT_DIR)/Rich\\ media\\ presence/DiscordPresence/discord-files",
					"$(PROJECT_DIR)/Rich\\ media\\ presence/DiscordPresence/discord-files",
					"$(PROJECT_DIR)/Rich\\ media\\ presence/lib",
					"$(PROJECT_DIR)/Rich\\ media\\ presence/lib",
					"$(PROJECT_DIR)/Rich\\ media\\ presence/lib",
					"$(PROJECT_DIR)/Rich\\ media\\ presence/lib",
					"$(PROJECT_DIR)/Rich\\ media\\ presence/DiscordPresence/discord-files",
					"$(PROJECT_DIR)/Rich\\ media\\ presence/lib",
					"$(PROJECT_DIR)/Rich\\ media\\ presence/DiscordPresence/discord-files",
					"$(PROJECT_DIR)/Rich\\ media\\ presence/lib",
					"$(PROJECT_DIR)/Rich\\ media\\ presence/lib",
					"$(PROJECT_DIR)/Rich\\ media\\ presence/DiscordPresence/discord-files",
				);
				MACOSX_DEPLOYMENT_TARGET = 13.5;
				MARKETING_VERSION = 1.0;
				PRODUCT_BUNDLE_IDENTIFIER = "AzimovParviz.Rich-media-presence";
				PRODUCT_NAME = "$(TARGET_NAME)";
				REGISTER_APP_GROUPS = YES;
				SWIFT_EMIT_LOC_STRINGS = YES;
				SWIFT_OBJC_BRIDGING_HEADER = "Rich media presence/DiscordPresence/Rich media presence-Bridging-Header.h";
				SWIFT_VERSION = 5.0;
			};
			name = Release;
		};
		803A8D522DFC8DBF0018C467 /* Debug */ = {
			isa = XCBuildConfiguration;
			buildSettings = {
				BUNDLE_LOADER = "$(TEST_HOST)";
				CODE_SIGN_STYLE = Automatic;
				CURRENT_PROJECT_VERSION = 1;
				GENERATE_INFOPLIST_FILE = YES;
				MACOSX_DEPLOYMENT_TARGET = 15.5;
				MARKETING_VERSION = 1.0;
				PRODUCT_BUNDLE_IDENTIFIER = "AzimovParviz.Rich-media-presenceTests";
				PRODUCT_NAME = "$(TARGET_NAME)";
				SWIFT_EMIT_LOC_STRINGS = NO;
				SWIFT_VERSION = 5.0;
				TEST_HOST = "$(BUILT_PRODUCTS_DIR)/Rich media presence.app/$(BUNDLE_EXECUTABLE_FOLDER_PATH)/Rich media presence";
			};
			name = Debug;
		};
		803A8D532DFC8DBF0018C467 /* Release */ = {
			isa = XCBuildConfiguration;
			buildSettings = {
				BUNDLE_LOADER = "$(TEST_HOST)";
				CODE_SIGN_STYLE = Automatic;
				CURRENT_PROJECT_VERSION = 1;
				GENERATE_INFOPLIST_FILE = YES;
				MACOSX_DEPLOYMENT_TARGET = 15.5;
				MARKETING_VERSION = 1.0;
				PRODUCT_BUNDLE_IDENTIFIER = "AzimovParviz.Rich-media-presenceTests";
				PRODUCT_NAME = "$(TARGET_NAME)";
				SWIFT_EMIT_LOC_STRINGS = NO;
				SWIFT_VERSION = 5.0;
				TEST_HOST = "$(BUILT_PRODUCTS_DIR)/Rich media presence.app/$(BUNDLE_EXECUTABLE_FOLDER_PATH)/Rich media presence";
			};
			name = Release;
		};
		803A8D552DFC8DBF0018C467 /* Debug */ = {
			isa = XCBuildConfiguration;
			buildSettings = {
				CODE_SIGN_STYLE = Automatic;
				CURRENT_PROJECT_VERSION = 1;
				GENERATE_INFOPLIST_FILE = YES;
				MARKETING_VERSION = 1.0;
				PRODUCT_BUNDLE_IDENTIFIER = "AzimovParviz.Rich-media-presenceUITests";
				PRODUCT_NAME = "$(TARGET_NAME)";
				SWIFT_EMIT_LOC_STRINGS = NO;
				SWIFT_VERSION = 5.0;
				TEST_TARGET_NAME = "Rich media presence";
			};
			name = Debug;
		};
		803A8D562DFC8DBF0018C467 /* Release */ = {
			isa = XCBuildConfiguration;
			buildSettings = {
				CODE_SIGN_STYLE = Automatic;
				CURRENT_PROJECT_VERSION = 1;
				GENERATE_INFOPLIST_FILE = YES;
				MARKETING_VERSION = 1.0;
				PRODUCT_BUNDLE_IDENTIFIER = "AzimovParviz.Rich-media-presenceUITests";
				PRODUCT_NAME = "$(TARGET_NAME)";
				SWIFT_EMIT_LOC_STRINGS = NO;
				SWIFT_VERSION = 5.0;
				TEST_TARGET_NAME = "Rich media presence";
			};
			name = Release;
		};
/* End XCBuildConfiguration section */

/* Begin XCConfigurationList section */
		803A8D272DFC8DBE0018C467 /* Build configuration list for PBXProject "Rich media presence" */ = {
			isa = XCConfigurationList;
			buildConfigurations = (
				803A8D4C2DFC8DBF0018C467 /* Debug */,
				803A8D4D2DFC8DBF0018C467 /* Release */,
			);
			defaultConfigurationIsVisible = 0;
			defaultConfigurationName = Debug;
		};
		803A8D4E2DFC8DBF0018C467 /* Build configuration list for PBXNativeTarget "Rich media presence" */ = {
			isa = XCConfigurationList;
			buildConfigurations = (
				803A8D4F2DFC8DBF0018C467 /* Debug */,
				803A8D502DFC8DBF0018C467 /* Release */,
			);
			defaultConfigurationIsVisible = 0;
			defaultConfigurationName = Debug;
		};
		803A8D512DFC8DBF0018C467 /* Build configuration list for PBXNativeTarget "Rich media presenceTests" */ = {
			isa = XCConfigurationList;
			buildConfigurations = (
				803A8D522DFC8DBF0018C467 /* Debug */,
				803A8D532DFC8DBF0018C467 /* Release */,
			);
			defaultConfigurationIsVisible = 0;
			defaultConfigurationName = Debug;
		};
		803A8D542DFC8DBF0018C467 /* Build configuration list for PBXNativeTarget "Rich media presenceUITests" */ = {
			isa = XCConfigurationList;
			buildConfigurations = (
				803A8D552DFC8DBF0018C467 /* Debug */,
				803A8D562DFC8DBF0018C467 /* Release */,
			);
			defaultConfigurationIsVisible = 0;
			defaultConfigurationName = Debug;
		};
/* End XCConfigurationList section */

/* Begin XCRemoteSwiftPackageReference section */
		80D1A0732E032B0B002C4FF6 /* XCRemoteSwiftPackageReference "mediaremote-adapter" */ = {
			isa = XCRemoteSwiftPackageReference;
			repositoryURL = "https://github.com/ejbills/mediaremote-adapter.git";
			requirement = {
				branch = master;
				kind = branch;
			};
		};
/* End XCRemoteSwiftPackageReference section */

/* Begin XCSwiftPackageProductDependency section */
		80D1A0742E032B0B002C4FF6 /* MediaRemoteAdapter */ = {
			isa = XCSwiftPackageProductDependency;
			package = 80D1A0732E032B0B002C4FF6 /* XCRemoteSwiftPackageReference "mediaremote-adapter" */;
			productName = MediaRemoteAdapter;
		};
/* End XCSwiftPackageProductDependency section */
	};
	rootObject = 803A8D242DFC8DBE0018C467 /* Project object */;
}
